<?xml version="1.0" encoding="utf-8"?>
<Project ToolsVersion="4.0" xmlns="http://schemas.microsoft.com/developer/msbuild/2003">
  <ItemGroup>
    <Filter Include="Source Files">
      <UniqueIdentifier>{4FC737F1-C7A5-4376-A066-2A32D752A2FF}</UniqueIdentifier>
      <Extensions>cpp;c;cc;cxx;def;odl;idl;hpj;bat;asm;asmx</Extensions>
    </Filter>
    <Filter Include="Header Files">
      <UniqueIdentifier>{93995380-89BD-4b04-88EB-625FBE52EBFB}</UniqueIdentifier>
      <Extensions>h;hpp;hxx;hm;inl;inc;xsd</Extensions>
    </Filter>
    <Filter Include="Resource Files">
      <UniqueIdentifier>{67DA6AB6-F800-4c08-8B7A-83BB121AAD01}</UniqueIdentifier>
      <Extensions>rc;ico;cur;bmp;dlg;rc2;rct;bin;rgs;gif;jpg;jpeg;jpe;resx;tiff;tif;png;wav;mfcribbon-ms</Extensions>
    </Filter>
    <Filter Include="Header Files\internal">
      <UniqueIdentifier>{4ca460b6-f602-4799-a022-8e35c7a755a0}</UniqueIdentifier>
    </Filter>
    <Filter Include="Header Files\internal\bytecode">
      <UniqueIdentifier>{75812bd3-0e47-4066-8770-93e5eaa92961}</UniqueIdentifier>
    </Filter>
    <Filter Include="Header Files\mordor">
      <UniqueIdentifier>{7053298c-040f-45a0-8a1a-b7dc822d3045}</UniqueIdentifier>
    </Filter>
    <Filter Include="Header Files\mordor\runtime">
      <UniqueIdentifier>{8f7085ca-5823-479b-96fd-fee9a4536bd8}</UniqueIdentifier>
    </Filter>
    <Filter Include="Header Files\mordor\bytecode">
      <UniqueIdentifier>{3b1383ae-ab78-43f6-93f5-0ae1e62045de}</UniqueIdentifier>
    </Filter>
    <Filter Include="Source Files\bytecode">
      <UniqueIdentifier>{70512871-d51c-484b-8983-b8823097b0d4}</UniqueIdentifier>
    </Filter>
    <Filter Include="Source Files\interpreter">
      <UniqueIdentifier>{75d43258-2890-430b-8382-4cd623d54303}</UniqueIdentifier>
    </Filter>
    <Filter Include="Source Files\runtime">
      <UniqueIdentifier>{dabb33d7-791a-44e9-a7ff-3664baa4a9c2}</UniqueIdentifier>
    </Filter>
    <Filter Include="Source Files\utils">
      <UniqueIdentifier>{22bcd29e-fcf5-4776-8bf5-9f15107882a8}</UniqueIdentifier>
    </Filter>
    <Filter Include="Header Files\internal\runtime">
      <UniqueIdentifier>{1e7216db-a6df-4aad-9699-bcd525f803df}</UniqueIdentifier>
    </Filter>
    <Filter Include="Header Files\internal\utils">
      <UniqueIdentifier>{26b2f9c8-6861-4e48-9e1a-ed5084bb557a}</UniqueIdentifier>
    </Filter>
  </ItemGroup>
  <ItemGroup>
    <ClInclude Include="include\internal\bytecode\BytecodeFunction.h">
      <Filter>Header Files\internal\bytecode</Filter>
    </ClInclude>
    <ClInclude Include="include\internal\bytecode\compile.h">
      <Filter>Header Files\internal\bytecode</Filter>
    </ClInclude>
    <ClInclude Include="include\internal\bytecode\io.h">
      <Filter>Header Files\internal\bytecode</Filter>
    </ClInclude>
    <ClInclude Include="include\internal\utils\Array.h">
      <Filter>Header Files\internal\utils</Filter>
    </ClInclude>
    <ClInclude Include="include\internal\utils\zip.h">
      <Filter>Header Files\internal\utils</Filter>
    </ClInclude>
    <ClInclude Include="include\internal\runtime\Context.h">
      <Filter>Header Files\internal\runtime</Filter>
    </ClInclude>
    <ClInclude Include="include\internal\runtime\Environment.h">
      <Filter>Header Files\internal\runtime</Filter>
    </ClInclude>
    <ClInclude Include="include\internal\runtime\Function.h">
      <Filter>Header Files\internal\runtime</Filter>
    </ClInclude>
    <ClInclude Include="include\internal\runtime\Library.h">
      <Filter>Header Files\internal\runtime</Filter>
    </ClInclude>
    <ClInclude Include="include\internal\runtime\LibraryManager.h">
      <Filter>Header Files\internal\runtime</Filter>
    </ClInclude>
    <ClInclude Include="include\internal\runtime\Program.h">
      <Filter>Header Files\internal\runtime</Filter>
    </ClInclude>
    <ClInclude Include="include\mordor\bytecode\BytecodeOperation.h">
      <Filter>Header Files\mordor\bytecode</Filter>
    </ClInclude>
    <ClInclude Include="include\mordor\runtime\Operation.h">
      <Filter>Header Files\mordor\runtime</Filter>
    </ClInclude>
    <ClInclude Include="include\mordor\def.h">
      <Filter>Header Files\mordor</Filter>
    </ClInclude>
    <ClInclude Include="include\mordor\runtime\Environment.h">
      <Filter>Header Files\mordor\runtime</Filter>
    </ClInclude>
    <ClInclude Include="include\mordor\runtime\Context.h">
      <Filter>Header Files\mordor\runtime</Filter>
    </ClInclude>
    <ClInclude Include="include\mordor\runtime\Function.h">
      <Filter>Header Files\mordor\runtime</Filter>
    </ClInclude>
    <ClInclude Include="include\mordor\runtime\Program.h">
      <Filter>Header Files\mordor\runtime</Filter>
    </ClInclude>
    <ClInclude Include="include\mordor\runtime\core.h">
      <Filter>Header Files\mordor\runtime</Filter>
    </ClInclude>
    <ClInclude Include="include\mordor\bytecode\VariableType.h">
      <Filter>Header Files\internal\bytecode</Filter>
    </ClInclude>
  </ItemGroup>
  <ItemGroup>
    <ClCompile Include="src\mordor\bytecode\BytecodeFunction.cc">
      <Filter>Source Files\bytecode</Filter>
    </ClCompile>
    <ClCompile Include="src\mordor\bytecode\compile.cc">
      <Filter>Source Files\bytecode</Filter>
    </ClCompile>
    <ClCompile Include="src\mordor\bytecode\io.cc">
      <Filter>Source Files\bytecode</Filter>
    </ClCompile>
    <ClCompile Include="src\mordor\runtime\Context.cc">
      <Filter>Source Files\runtime</Filter>
    </ClCompile>
    <ClCompile Include="src\mordor\runtime\Environment.cc">
      <Filter>Source Files\runtime</Filter>
    </ClCompile>
    <ClCompile Include="src\mordor\runtime\Library.cc">
      <Filter>Source Files\runtime</Filter>
    </ClCompile>
    <ClCompile Include="src\mordor\runtime\LibraryManager.cc">
      <Filter>Source Files\runtime</Filter>
    </ClCompile>
    <ClCompile Include="src\mordor\runtime\Program.cc">
      <Filter>Source Files\runtime</Filter>
    </ClCompile>
    <ClCompile Include="src\mordor\utils\zip.cc">
      <Filter>Source Files\utils</Filter>
    </ClCompile>
    <ClCompile Include="src\windows\runtime\LibraryManager_windows.cc">
      <Filter>Source Files\runtime</Filter>
    </ClCompile>
    <ClCompile Include="src\mordor\runtime\core.cc">
      <Filter>Source Files\interpreter</Filter>
    </ClCompile>
    <ClCompile Include="src\mordor\runtime\Function.cc">
      <Filter>Source Files</Filter>
    </ClCompile>
  </ItemGroup>
</Project>